{
  "version": 4,
  "terraform_version": "1.5.7",
  "serial": 29,
  "lineage": "432b39ab-b482-2662-78d6-042bf10e7b75",
  "outputs": {},
  "resources": [
    {
      "mode": "data",
      "type": "cloudflare_zone",
      "name": "zone",
      "provider": "provider[\"registry.terraform.io/cloudflare/cloudflare\"]",
      "instances": [
        {
          "schema_version": 0,
          "attributes": {
            "account_id": "aba858f1baa1d8ce6c21ce3db90733d4",
            "id": "186a0fa51e8dd54ee6910d0f35d5f0c8",
            "name": "rye.ninja",
            "name_servers": [
              "carrera.ns.cloudflare.com",
              "mack.ns.cloudflare.com"
            ],
            "paused": false,
            "plan": "Free Website",
            "status": "active",
            "vanity_name_servers": [],
            "zone_id": "186a0fa51e8dd54ee6910d0f35d5f0c8"
          },
          "sensitive_attributes": []
        }
      ]
    },
    {
      "mode": "data",
      "type": "onepassword_item",
      "name": "cloudflare_api_token",
      "provider": "provider[\"registry.terraform.io/1password/onepassword\"]",
      "instances": [
        {
          "schema_version": 0,
          "attributes": {
            "category": "password",
            "database": null,
            "hostname": null,
            "id": "vaults/jaou7gkrt6by3xnocca3rdyyii/items/bmiftmas3r36u3wbbfcyjxtx5a",
            "note_value": "rye.ninja - DNS:Edit",
            "password": "BmGJiSbFdSFlNfKu3HxG0aLdiuIHofQ5we9OIoUt",
            "port": null,
            "section": [
              {
                "field": [
                  {
                    "id": "26fes4xwmdjuzybkwyjxmp4wry",
                    "label": "zone_id",
                    "purpose": "",
                    "type": "STRING",
                    "value": "186a0fa51e8dd54ee6910d0f35d5f0c8"
                  },
                  {
                    "id": "csvq32je7lqsrllnnkayz55tye",
                    "label": "account_id",
                    "purpose": "",
                    "type": "STRING",
                    "value": "aba858f1baa1d8ce6c21ce3db90733d4"
                  },
                  {
                    "id": "lhmlknw6zvgb2bppmzosgqdejm",
                    "label": "zone_name",
                    "purpose": "",
                    "type": "STRING",
                    "value": "rye.ninja"
                  },
                  {
                    "id": "gft6tm65fb76ktytl4jc5q7emy",
                    "label": "email",
                    "purpose": "",
                    "type": "EMAIL",
                    "value": "esten.rye+acme@ryezone.com"
                  }
                ],
                "id": "add more",
                "label": ""
              }
            ],
            "tags": [
              "cloudflare",
              "dialtone",
              "rye.ninja"
            ],
            "title": "letsencrypt-dns01-credentials_cert-manager.rye.ninja",
            "type": null,
            "url": null,
            "username": null,
            "uuid": "bmiftmas3r36u3wbbfcyjxtx5a",
            "vault": "jaou7gkrt6by3xnocca3rdyyii"
          },
          "sensitive_attributes": []
        }
      ]
    },
    {
      "mode": "data",
      "type": "onepassword_item",
      "name": "proxmox_credentials",
      "provider": "provider[\"registry.terraform.io/1password/onepassword\"]",
      "instances": [
        {
          "schema_version": 0,
          "attributes": {
            "category": "login",
            "database": null,
            "hostname": null,
            "id": "vaults/jaou7gkrt6by3xnocca3rdyyii/items/bflyhw3mzr4hoklj4q2xmp25ru",
            "note_value": "",
            "password": "j42f0nfp1i9hejifnfehfipA",
            "port": null,
            "section": [],
            "tags": [],
            "title": "proxmox-tf-admin.usmnblm01.rye.ninja",
            "type": null,
            "url": "https://pve01.usmnblm01.rye.ninja:8006/api2/json",
            "username": "terraform-prov@pve",
            "uuid": "bflyhw3mzr4hoklj4q2xmp25ru",
            "vault": "jaou7gkrt6by3xnocca3rdyyii"
          },
          "sensitive_attributes": []
        }
      ]
    },
    {
      "mode": "data",
      "type": "onepassword_item",
      "name": "unifi_credentials",
      "provider": "provider[\"registry.terraform.io/1password/onepassword\"]",
      "instances": [
        {
          "schema_version": 0,
          "attributes": {
            "category": "login",
            "database": null,
            "hostname": null,
            "id": "vaults/jaou7gkrt6by3xnocca3rdyyii/items/fywgnsz5eak5yx5wmsfz5j64qq",
            "note_value": "",
            "password": "26WFsdsqRjq2NozZAZ32",
            "port": null,
            "section": [
              {
                "field": [],
                "id": "add more",
                "label": ""
              },
              {
                "field": [
                  {
                    "id": "lsuhety5fyrshi2adzwpugmfbi",
                    "label": "site",
                    "purpose": "",
                    "type": "STRING",
                    "value": "usmnblm01.rye.ninja"
                  }
                ],
                "id": "xtkz4i6juyfpwwmoycda7hutrm",
                "label": "config"
              }
            ],
            "tags": [],
            "title": "unifi-tf-admin.usmnblm01.rye.ninja",
            "type": null,
            "url": "https://unifi-os-console.usmnblm01.rye.ninja",
            "username": "local_terraform_admin",
            "uuid": "fywgnsz5eak5yx5wmsfz5j64qq",
            "vault": "jaou7gkrt6by3xnocca3rdyyii"
          },
          "sensitive_attributes": []
        }
      ]
    },
    {
      "mode": "data",
      "type": "unifi_network",
      "name": "lab_network",
      "provider": "provider[\"registry.terraform.io/paultyng/unifi\"]",
      "instances": [
        {
          "schema_version": 0,
          "attributes": {
            "dhcp_dns": [
              "10.5.0.1",
              "1.1.1.1",
              "8.8.8.8"
            ],
            "dhcp_enabled": true,
            "dhcp_lease": 86400,
            "dhcp_start": "10.5.255.1",
            "dhcp_stop": "10.5.255.254",
            "dhcp_v6_dns": null,
            "dhcp_v6_dns_auto": null,
            "dhcp_v6_enabled": null,
            "dhcp_v6_lease": null,
            "dhcp_v6_start": null,
            "dhcp_v6_stop": null,
            "dhcpd_boot_enabled": true,
            "dhcpd_boot_filename": "firmware/undionly.shoelaces.kpxe",
            "dhcpd_boot_server": "10.5.7.10",
            "domain_name": "",
            "id": "63945560f5e1d5230aa77b0c",
            "igmp_snooping": false,
            "ipv6_interface_type": "none",
            "ipv6_pd_interface": "",
            "ipv6_pd_prefixid": "",
            "ipv6_pd_start": null,
            "ipv6_pd_stop": null,
            "ipv6_ra_enable": true,
            "ipv6_ra_preferred_lifetime": null,
            "ipv6_ra_priority": null,
            "ipv6_ra_valid_lifetime": null,
            "ipv6_static_subnet": "",
            "multicast_dns": true,
            "name": "home-lab",
            "network_group": "LAN",
            "purpose": "corporate",
            "site": "default",
            "subnet": "10.5.0.0/16",
            "vlan_id": 61,
            "wan_dhcp_v6_pd_size": 0,
            "wan_dns": [],
            "wan_egress_qos": 0,
            "wan_gateway": "",
            "wan_gateway_v6": "",
            "wan_ip": "",
            "wan_ipv6": "",
            "wan_netmask": "",
            "wan_networkgroup": "",
            "wan_prefixlen": 0,
            "wan_type": "",
            "wan_type_v6": "",
            "wan_username": "",
            "x_wan_password": ""
          },
          "sensitive_attributes": []
        }
      ]
    },
    {
      "mode": "managed",
      "type": "cloudflare_record",
      "name": "a_record",
      "provider": "provider[\"registry.terraform.io/cloudflare/cloudflare\"]",
      "instances": [
        {
          "index_key": "controlplane01.infra.usmnblm01",
          "schema_version": 2,
          "attributes": {
            "allow_overwrite": false,
            "comment": "",
            "created_on": "2023-11-09T06:56:53.010657Z",
            "data": [],
            "hostname": "controlplane01.infra.usmnblm01.rye.ninja",
            "id": "25a687af52c9d4309f590362bce26874",
            "metadata": {
              "auto_added": "false",
              "managed_by_apps": "false",
              "managed_by_argo_tunnel": "false",
              "source": "primary"
            },
            "modified_on": "2023-11-09T06:56:53.010657Z",
            "name": "controlplane01.infra.usmnblm01",
            "priority": null,
            "proxiable": false,
            "proxied": false,
            "tags": [],
            "timeouts": null,
            "ttl": 300,
            "type": "A",
            "value": "10.5.216.1",
            "zone_id": "186a0fa51e8dd54ee6910d0f35d5f0c8"
          },
          "sensitive_attributes": [],
          "private": "eyJlMmJmYjczMC1lY2FhLTExZTYtOGY4OC0zNDM2M2JjN2M0YzAiOnsiY3JlYXRlIjozMDAwMDAwMDAwMCwidXBkYXRlIjozMDAwMDAwMDAwMH0sInNjaGVtYV92ZXJzaW9uIjoiMiJ9",
          "dependencies": [
            "data.cloudflare_zone.zone",
            "data.onepassword_item.cloudflare_api_token"
          ]
        },
        {
          "index_key": "controlplane02.infra.usmnblm01",
          "schema_version": 2,
          "attributes": {
            "allow_overwrite": false,
            "comment": "",
            "created_on": "2023-11-09T06:56:53.212398Z",
            "data": [],
            "hostname": "controlplane02.infra.usmnblm01.rye.ninja",
            "id": "5003b2294919d472b5956c0b9562e4ed",
            "metadata": {
              "auto_added": "false",
              "managed_by_apps": "false",
              "managed_by_argo_tunnel": "false",
              "source": "primary"
            },
            "modified_on": "2023-11-09T06:56:53.212398Z",
            "name": "controlplane02.infra.usmnblm01",
            "priority": null,
            "proxiable": false,
            "proxied": false,
            "tags": [],
            "timeouts": null,
            "ttl": 300,
            "type": "A",
            "value": "10.5.216.2",
            "zone_id": "186a0fa51e8dd54ee6910d0f35d5f0c8"
          },
          "sensitive_attributes": [],
          "private": "eyJlMmJmYjczMC1lY2FhLTExZTYtOGY4OC0zNDM2M2JjN2M0YzAiOnsiY3JlYXRlIjozMDAwMDAwMDAwMCwidXBkYXRlIjozMDAwMDAwMDAwMH0sInNjaGVtYV92ZXJzaW9uIjoiMiJ9",
          "dependencies": [
            "data.cloudflare_zone.zone",
            "data.onepassword_item.cloudflare_api_token"
          ]
        },
        {
          "index_key": "controlplane03.infra.usmnblm01",
          "schema_version": 2,
          "attributes": {
            "allow_overwrite": false,
            "comment": "",
            "created_on": "2023-11-09T06:53:31.648781Z",
            "data": [],
            "hostname": "controlplane03.infra.usmnblm01.rye.ninja",
            "id": "4e4be88020937559230309dacc978eb7",
            "metadata": {
              "auto_added": "false",
              "managed_by_apps": "false",
              "managed_by_argo_tunnel": "false",
              "source": "primary"
            },
            "modified_on": "2023-11-09T06:53:31.648781Z",
            "name": "controlplane03.infra.usmnblm01",
            "priority": null,
            "proxiable": false,
            "proxied": false,
            "tags": [],
            "timeouts": null,
            "ttl": 300,
            "type": "A",
            "value": "10.5.216.3",
            "zone_id": "186a0fa51e8dd54ee6910d0f35d5f0c8"
          },
          "sensitive_attributes": [],
          "private": "eyJlMmJmYjczMC1lY2FhLTExZTYtOGY4OC0zNDM2M2JjN2M0YzAiOnsiY3JlYXRlIjozMDAwMDAwMDAwMCwidXBkYXRlIjozMDAwMDAwMDAwMH0sInNjaGVtYV92ZXJzaW9uIjoiMiJ9",
          "dependencies": [
            "data.cloudflare_zone.zone",
            "data.onepassword_item.cloudflare_api_token"
          ]
        },
        {
          "index_key": "node01.infra.usmnblm01",
          "schema_version": 2,
          "attributes": {
            "allow_overwrite": false,
            "comment": "",
            "created_on": "2023-11-09T06:53:32.14668Z",
            "data": [],
            "hostname": "node01.infra.usmnblm01.rye.ninja",
            "id": "2f1f126f5958408ca99b795a213bcda6",
            "metadata": {
              "auto_added": "false",
              "managed_by_apps": "false",
              "managed_by_argo_tunnel": "false",
              "source": "primary"
            },
            "modified_on": "2023-11-09T06:53:32.14668Z",
            "name": "node01.infra.usmnblm01",
            "priority": null,
            "proxiable": false,
            "proxied": false,
            "tags": [],
            "timeouts": null,
            "ttl": 300,
            "type": "A",
            "value": "10.5.216.10",
            "zone_id": "186a0fa51e8dd54ee6910d0f35d5f0c8"
          },
          "sensitive_attributes": [],
          "private": "eyJlMmJmYjczMC1lY2FhLTExZTYtOGY4OC0zNDM2M2JjN2M0YzAiOnsiY3JlYXRlIjozMDAwMDAwMDAwMCwidXBkYXRlIjozMDAwMDAwMDAwMH0sInNjaGVtYV92ZXJzaW9uIjoiMiJ9",
          "dependencies": [
            "data.cloudflare_zone.zone",
            "data.onepassword_item.cloudflare_api_token"
          ]
        },
        {
          "index_key": "node02.infra.usmnblm01",
          "schema_version": 2,
          "attributes": {
            "allow_overwrite": false,
            "comment": "",
            "created_on": "2023-11-09T06:53:32.448522Z",
            "data": [],
            "hostname": "node02.infra.usmnblm01.rye.ninja",
            "id": "d4f186704f9318025e16978b918e2cb4",
            "metadata": {
              "auto_added": "false",
              "managed_by_apps": "false",
              "managed_by_argo_tunnel": "false",
              "source": "primary"
            },
            "modified_on": "2023-11-09T06:53:32.448522Z",
            "name": "node02.infra.usmnblm01",
            "priority": null,
            "proxiable": false,
            "proxied": false,
            "tags": [],
            "timeouts": null,
            "ttl": 300,
            "type": "A",
            "value": "10.5.216.11",
            "zone_id": "186a0fa51e8dd54ee6910d0f35d5f0c8"
          },
          "sensitive_attributes": [],
          "private": "eyJlMmJmYjczMC1lY2FhLTExZTYtOGY4OC0zNDM2M2JjN2M0YzAiOnsiY3JlYXRlIjozMDAwMDAwMDAwMCwidXBkYXRlIjozMDAwMDAwMDAwMH0sInNjaGVtYV92ZXJzaW9uIjoiMiJ9",
          "dependencies": [
            "data.cloudflare_zone.zone",
            "data.onepassword_item.cloudflare_api_token"
          ]
        },
        {
          "index_key": "node03.infra.usmnblm01",
          "schema_version": 2,
          "attributes": {
            "allow_overwrite": false,
            "comment": "",
            "created_on": "2023-11-09T06:53:31.897039Z",
            "data": [],
            "hostname": "node03.infra.usmnblm01.rye.ninja",
            "id": "a09fcdac94ce77724daefb9001e349f0",
            "metadata": {
              "auto_added": "false",
              "managed_by_apps": "false",
              "managed_by_argo_tunnel": "false",
              "source": "primary"
            },
            "modified_on": "2023-11-09T06:53:31.897039Z",
            "name": "node03.infra.usmnblm01",
            "priority": null,
            "proxiable": false,
            "proxied": false,
            "tags": [],
            "timeouts": null,
            "ttl": 300,
            "type": "A",
            "value": "10.5.216.12",
            "zone_id": "186a0fa51e8dd54ee6910d0f35d5f0c8"
          },
          "sensitive_attributes": [],
          "private": "eyJlMmJmYjczMC1lY2FhLTExZTYtOGY4OC0zNDM2M2JjN2M0YzAiOnsiY3JlYXRlIjozMDAwMDAwMDAwMCwidXBkYXRlIjozMDAwMDAwMDAwMH0sInNjaGVtYV92ZXJzaW9uIjoiMiJ9",
          "dependencies": [
            "data.cloudflare_zone.zone",
            "data.onepassword_item.cloudflare_api_token"
          ]
        }
      ]
    },
    {
      "mode": "managed",
      "type": "proxmox_lxc",
      "name": "basic",
      "provider": "provider[\"registry.terraform.io/telmate/proxmox\"]",
      "instances": [
        {
          "index_key": "controlplane03.infra.usmnblm01",
          "schema_version": 0,
          "attributes": {
            "arch": "amd64",
            "bwlimit": 0,
            "clone": "100",
            "clone_storage": null,
            "cmode": "tty",
            "console": true,
            "cores": 1,
            "cpulimit": 0,
            "cpuunits": 1024,
            "description": "",
            "features": [],
            "force": false,
            "full": null,
            "hagroup": "",
            "hastate": "",
            "hookscript": "",
            "hostname": "controlplane03.infra.usmnblm01.rye.ninja",
            "id": "pve01/lxc/102",
            "ignore_unpack_errors": false,
            "lock": "",
            "memory": 512,
            "mountpoint": [],
            "nameserver": "10.5.0.1 1.1.1.1",
            "network": [
              {
                "bridge": "vmbr0",
                "firewall": false,
                "gw": "",
                "gw6": "",
                "hwaddr": "de:ad:dc:05:d8:03",
                "ip": "dhcp",
                "ip6": "",
                "mtu": 0,
                "name": "eth0",
                "rate": 0,
                "tag": 0,
                "trunks": "",
                "type": "veth"
              }
            ],
            "onboot": false,
            "ostemplate": null,
            "ostype": "ubuntu",
            "password": null,
            "pool": null,
            "protection": false,
            "restore": false,
            "rootfs": [
              {
                "acl": false,
                "quota": false,
                "replicate": false,
                "ro": false,
                "shared": false,
                "size": "100G",
                "storage": "local-data",
                "volume": "local-data:basevol-100-disk-0/subvol-102-disk-0"
              }
            ],
            "searchdomain": "rye.ninja",
            "ssh_public_keys": null,
            "start": false,
            "startup": "",
            "swap": 0,
            "tags": "",
            "target_node": "pve01",
            "template": false,
            "timeouts": null,
            "tty": 2,
            "unique": false,
            "unprivileged": false,
            "unused": [],
            "vmid": null
          },
          "sensitive_attributes": [],
          "private": "eyJlMmJmYjczMC1lY2FhLTExZTYtOGY4OC0zNDM2M2JjN2M0YzAiOnsiY3JlYXRlIjoxMjAwMDAwMDAwMDAwLCJkZWZhdWx0IjoxMjAwMDAwMDAwMDAwLCJkZWxldGUiOjEyMDAwMDAwMDAwMDAsInJlYWQiOjEyMDAwMDAwMDAwMDAsInVwZGF0ZSI6MTIwMDAwMDAwMDAwMH19",
          "dependencies": [
            "data.onepassword_item.proxmox_credentials"
          ]
        },
        {
          "index_key": "node01.infra.usmnblm01",
          "schema_version": 0,
          "attributes": {
            "arch": "amd64",
            "bwlimit": 0,
            "clone": "101",
            "clone_storage": null,
            "cmode": "tty",
            "console": true,
            "cores": 1,
            "cpulimit": 0,
            "cpuunits": 1024,
            "description": "",
            "features": [],
            "force": false,
            "full": null,
            "hagroup": "",
            "hastate": "",
            "hookscript": "",
            "hostname": "node01.infra.usmnblm01.rye.ninja",
            "id": "pve01/lxc/103",
            "ignore_unpack_errors": false,
            "lock": "",
            "memory": 512,
            "mountpoint": [],
            "nameserver": "10.5.0.1 1.1.1.1",
            "network": [
              {
                "bridge": "vmbr0",
                "firewall": false,
                "gw": "",
                "gw6": "",
                "hwaddr": "de:ad:dc:05:d8:0a",
                "ip": "dhcp",
                "ip6": "",
                "mtu": 0,
                "name": "eth0",
                "rate": 0,
                "tag": 0,
                "trunks": "",
                "type": "veth"
              }
            ],
            "onboot": false,
            "ostemplate": null,
            "ostype": "ubuntu",
            "password": null,
            "pool": null,
            "protection": false,
            "restore": false,
            "rootfs": [
              {
                "acl": false,
                "quota": false,
                "replicate": false,
                "ro": false,
                "shared": false,
                "size": "100G",
                "storage": "local-data",
                "volume": "local-data:basevol-101-disk-0/subvol-103-disk-0"
              }
            ],
            "searchdomain": "rye.ninja",
            "ssh_public_keys": null,
            "start": false,
            "startup": "",
            "swap": 0,
            "tags": "",
            "target_node": "pve01",
            "template": false,
            "timeouts": null,
            "tty": 2,
            "unique": false,
            "unprivileged": false,
            "unused": [],
            "vmid": null
          },
          "sensitive_attributes": [],
          "private": "eyJlMmJmYjczMC1lY2FhLTExZTYtOGY4OC0zNDM2M2JjN2M0YzAiOnsiY3JlYXRlIjoxMjAwMDAwMDAwMDAwLCJkZWZhdWx0IjoxMjAwMDAwMDAwMDAwLCJkZWxldGUiOjEyMDAwMDAwMDAwMDAsInJlYWQiOjEyMDAwMDAwMDAwMDAsInVwZGF0ZSI6MTIwMDAwMDAwMDAwMH19",
          "dependencies": [
            "data.onepassword_item.proxmox_credentials"
          ]
        }
      ]
    },
    {
      "mode": "managed",
      "type": "unifi_user",
      "name": "static_ip",
      "provider": "provider[\"registry.terraform.io/paultyng/unifi\"]",
      "instances": [
        {
          "index_key": "controlplane01.infra.usmnblm01",
          "schema_version": 0,
          "attributes": {
            "allow_existing": true,
            "blocked": false,
            "dev_id_override": 0,
            "fixed_ip": "10.5.216.1",
            "hostname": "controlplane01",
            "id": "654c829775973d4ff37290a5",
            "ip": "",
            "local_dns_record": "controlplane01.infra.usmnblm01.rye.ninja",
            "mac": "de:ad:dc:05:d8:01",
            "name": "controlplane01.infra.usmnblm01.rye.ninja",
            "network_id": "63945560f5e1d5230aa77b0c",
            "note": "",
            "site": "default",
            "skip_forget_on_destroy": false,
            "user_group_id": ""
          },
          "sensitive_attributes": [],
          "private": "bnVsbA==",
          "dependencies": [
            "data.onepassword_item.unifi_credentials",
            "data.unifi_network.lab_network"
          ]
        },
        {
          "index_key": "controlplane02.infra.usmnblm01",
          "schema_version": 0,
          "attributes": {
            "allow_existing": true,
            "blocked": false,
            "dev_id_override": 0,
            "fixed_ip": "10.5.216.2",
            "hostname": "controlplane02",
            "id": "654c82b575973d4ff37290a6",
            "ip": "",
            "local_dns_record": "controlplane02.infra.usmnblm01.rye.ninja",
            "mac": "de:ad:dc:05:d8:02",
            "name": "controlplane02.infra.usmnblm01.rye.ninja",
            "network_id": "63945560f5e1d5230aa77b0c",
            "note": "",
            "site": "default",
            "skip_forget_on_destroy": false,
            "user_group_id": ""
          },
          "sensitive_attributes": [],
          "private": "bnVsbA==",
          "dependencies": [
            "data.onepassword_item.unifi_credentials",
            "data.unifi_network.lab_network"
          ]
        },
        {
          "index_key": "controlplane03.infra.usmnblm01",
          "schema_version": 0,
          "attributes": {
            "allow_existing": true,
            "blocked": false,
            "dev_id_override": 0,
            "fixed_ip": "10.5.216.3",
            "hostname": "controlplane03",
            "id": "654c81eb75973d4ff372904d",
            "ip": "",
            "local_dns_record": "controlplane03.infra.usmnblm01.rye.ninja",
            "mac": "de:ad:dc:05:d8:03",
            "name": "controlplane03.infra.usmnblm01.rye.ninja",
            "network_id": "63945560f5e1d5230aa77b0c",
            "note": "",
            "site": "default",
            "skip_forget_on_destroy": false,
            "user_group_id": ""
          },
          "sensitive_attributes": [],
          "private": "bnVsbA==",
          "dependencies": [
            "data.onepassword_item.unifi_credentials",
            "data.unifi_network.lab_network"
          ]
        },
        {
          "index_key": "node01.infra.usmnblm01",
          "schema_version": 0,
          "attributes": {
            "allow_existing": true,
            "blocked": false,
            "dev_id_override": 0,
            "fixed_ip": "10.5.216.10",
            "hostname": "node01",
            "id": "654c81eb75973d4ff372904f",
            "ip": "",
            "local_dns_record": "node01.infra.usmnblm01.rye.ninja",
            "mac": "de:ad:dc:05:d8:0a",
            "name": "node01.infra.usmnblm01.rye.ninja",
            "network_id": "63945560f5e1d5230aa77b0c",
            "note": "",
            "site": "default",
            "skip_forget_on_destroy": false,
            "user_group_id": ""
          },
          "sensitive_attributes": [],
          "private": "bnVsbA==",
          "dependencies": [
            "data.onepassword_item.unifi_credentials",
            "data.unifi_network.lab_network"
          ]
        },
        {
          "index_key": "node02.infra.usmnblm01",
          "schema_version": 0,
          "attributes": {
            "allow_existing": true,
            "blocked": false,
            "dev_id_override": 0,
            "fixed_ip": "10.5.216.11",
            "hostname": "node02",
            "id": "654c81eb75973d4ff372904c",
            "ip": "",
            "local_dns_record": "node02.infra.usmnblm01.rye.ninja",
            "mac": "de:ad:dc:05:d8:0b",
            "name": "node02.infra.usmnblm01.rye.ninja",
            "network_id": "63945560f5e1d5230aa77b0c",
            "note": "",
            "site": "default",
            "skip_forget_on_destroy": false,
            "user_group_id": ""
          },
          "sensitive_attributes": [],
          "private": "bnVsbA==",
          "dependencies": [
            "data.onepassword_item.unifi_credentials",
            "data.unifi_network.lab_network"
          ]
        },
        {
          "index_key": "node03.infra.usmnblm01",
          "schema_version": 0,
          "attributes": {
            "allow_existing": true,
            "blocked": false,
            "dev_id_override": 0,
            "fixed_ip": "10.5.216.12",
            "hostname": "node03",
            "id": "654c81eb75973d4ff372904e",
            "ip": "",
            "local_dns_record": "node03.infra.usmnblm01.rye.ninja",
            "mac": "de:ad:dc:05:d8:0c",
            "name": "node03.infra.usmnblm01.rye.ninja",
            "network_id": "63945560f5e1d5230aa77b0c",
            "note": "",
            "site": "default",
            "skip_forget_on_destroy": false,
            "user_group_id": ""
          },
          "sensitive_attributes": [],
          "private": "bnVsbA==",
          "dependencies": [
            "data.onepassword_item.unifi_credentials",
            "data.unifi_network.lab_network"
          ]
        }
      ]
    }
  ],
  "check_results": null
}
